
Microsoft Visual Studio Solution File, Format Version 12.00
# Visual Studio 15
VisualStudioVersion = 15.0.28010.2019
MinimumVisualStudioVersion = 10.0.40219.1
Project("{888888A0-9F3D-457C-B088-3A5042F75D52}") = "Load Prediction", "Load Prediction\Load Prediction.pyproj", "{D5FC7461-1F8E-4400-B0CF-22F02B901D74}"
EndProject
Global
	GlobalSection(SolutionConfigurationPlatforms) = preSolution
		Debug|Any CPU = Debug|Any CPU
		Release|Any CPU = Release|Any CPU
	EndGlobalSection
	GlobalSection(ProjectConfigurationPlatforms) = postSolution
		{D5FC7461-1F8E-4400-B0CF-22F02B901D74}.Debug|Any CPU.ActiveCfg = Debug|Any CPU
		{D5FC7461-1F8E-4400-B0CF-22F02B901D74}.Release|Any CPU.ActiveCfg = Release|Any CPU
	EndGlobalSection
	GlobalSection(SolutionProperties) = preSolution
		HideSolutionNode = FALSE
	EndGlobalSection
	GlobalSection(ExtensibilityGlobals) = postSolution
		SolutionGuid = {3FFB0832-EAA6-4415-AE23-FEE00F58A749}
	EndGlobalSection
EndGlobal
